
Microsoft Visual Studio Solution File, Format Version 12.00
# Visual Studio Version 17
VisualStudioVersion = 17.12.35219.274
MinimumVisualStudioVersion = 10.0.40219.1
Project("{FAE04EC0-301F-11D3-BF4B-00C04F79EFBC}") = "devIntersection-2024-now", "devIntersection-2024-now\devIntersection-2024-now.csproj", "{CF59DBE5-C69A-4927-9F9F-4179AAFA3518}"
EndProject
Global
	GlobalSection(SolutionConfigurationPlatforms) = preSolution
		Debug|Any CPU = Debug|Any CPU
		Release|Any CPU = Release|Any CPU
	EndGlobalSection
	GlobalSection(ProjectConfigurationPlatforms) = postSolution
		{CF59DBE5-C69A-4927-9F9F-4179AAFA3518}.Debug|Any CPU.ActiveCfg = Debug|Any CPU
		{CF59DBE5-C69A-4927-9F9F-4179AAFA3518}.Debug|Any CPU.Build.0 = Debug|Any CPU
		{CF59DBE5-C69A-4927-9F9F-4179AAFA3518}.Release|Any CPU.ActiveCfg = Release|Any CPU
		{CF59DBE5-C69A-4927-9F9F-4179AAFA3518}.Release|Any CPU.Build.0 = Release|Any CPU
	EndGlobalSection
	GlobalSection(SolutionProperties) = preSolution
		HideSolutionNode = FALSE
	EndGlobalSection
	GlobalSection(ExtensibilityGlobals) = postSolution
		SolutionGuid = {9D581F09-1839-4C11-9EE1-2442234EE821}
	EndGlobalSection
EndGlobal
